github.com/RH12503/draw v0.0.0-20210413113653-87d4424efc10 h1:VRD1zdXWYc8BhMugIlfEckKr9WLhUFTmI3I6PsZNk5E=
github.com/RH12503/draw v0.0.0-20210413113653-87d4424efc10/go.mod h1:Pwum15L6cdUvhyCtMrn/+nsoQ9y0UIyj9wyYpVd55II=
github.com/davecgh/go-spew v1.1.0/go.mod h1:J7Y8YcW2NihsgmVo/mv3lAwl/skON4iLHjSsI+c5H38=
github.com/davecgh/go-spew v1.1.1 h1:vj9j/u1bqnvCEfJOwUhtlOARqs3+rkHYY13jYWTU97c=
github.com/davecgh/go-spew v1.1.1/go.mod h1:J7Y8YcW2NihsgmVo/mv3lAwl/skON4iLHjSsI+c5H38=
github.com/dgryski/go-pcgr v0.0.0-20190219145045-9a7ede0ca611 h1:ZmWYkcFCJGYQKmGRcPEY/6QsA/1ea5RACx9B2fbbE9c=
github.com/dgryski/go-pcgr v0.0.0-20190219145045-9a7ede0ca611/go.mod h1:ztV/u9hqJRBCT0P03v0Ueol7unBefCKL+paOoIZkR88=
github.com/enki/fastprng v0.0.0-20190912035746-b46f877a1a50 h1:rEb10MoloN0R4OXOGCLoAKhWnnuE/WK6loew/rWT0AY=
github.com/enki/fastprng v0.0.0-20190912035746-b46f877a1a50/go.mod h1:fmNBkPdX9WKwCxNL5AdR7/d4eLG+ccEHOmYrgIoBq0c=
github.com/fogleman/delaunay v0.0.0-20180910191513-63f09b4c883d h1:TEEc0gLspsm9q0dWZZYiH0blV1MhPQnshLqSoANbxMk=
github.com/fogleman/delaunay v0.0.0-20180910191513-63f09b4c883d/go.mod h1:Twj6uBC/dSqh5vCcgzy/jO/4QWu9lqPTt1v3WEz68z8=
github.com/gonutz/d3d9 v1.2.1/go.mod h1:q74g3QbR280b+qYauwEV0N9SVadszWPLZ4l/wHiD/AA=
github.com/gonutz/ds v1.0.0 h1:GBgZTs+Rvimvq9qM8jij3xi+rUZNf0bux95uTFvUkXQ=
github.com/gonutz/ds v1.0.0/go.mod h1:nqfTfJeXtECo3mp5MH6EHAsruRB1z74bnhYQ6frgXoU=
github.com/gonutz/gl v1.0.0 h1:4T/gF/zEXx1GObi4m4NNjG7Jd9MRciNU7vp8N3bIfww=
github.com/gonutz/gl v1.0.0/go.mod h1:W+YuOtOvWK8ITUbz/5vm43HIU0OTFzM1q1rEj1VBi4A=
github.com/gonutz/glfw v1.0.2 h1:33lNFxnV3A0PY6a67fzMIc2aj6YOKX0PXbDdEC6p8SI=
github.com/gonutz/glfw v1.0.2/go.mod h1:ztHop1Nq2cOXD+1cX2OIcbIpWEDaU8SyBkNe0odynic=
github.com/gonutz/go-sdl2 v1.0.0/go.mod h1:n3S/Rz7iWiUYZPIc5ye1ALt3/eINF5uUNRqkoDn3pQ4=
github.com/gonutz/mixer v1.0.0 h1:w1NY3OChH7ICTrrlC8IJ+yEsXbXq0P2/VtNBXYqgddw=
github.com/gonutz/mixer v1.0.0/go.mod h1:48Xg+NyQ/IduAK7zjy64CI01vtokXm/XgiefRE/K2yY=
github.com/gonutz/prototype v1.0.5 h1:MGyw+bYglRTZdKwoaV6NYnDy6fHMH1eR8+L7DT8D0DU=
github.com/gonutz/prototype v1.0.5/go.mod h1:/76nFaXnZzH/5q6P1zEeYzM5ajKVUbyTevWi4Y4O9Z8=
github.com/gonutz/w32/v2 v2.0.1/go.mod h1:MgtHx0AScDVNKyB+kjyPder4xIi3XAcHS6LDDU2DmdE=
github.com/gonutz/w32/v2 v2.2.0 h1:XVC/Kd238O+gadaDEB+E6E+kn/UBhj2UNOS8v9QPc4Q=
github.com/gonutz/w32/v2 v2.2.0/go.mod h1:MgtHx0AScDVNKyB+kjyPder4xIi3XAcHS6LDDU2DmdE=
github.com/lazybeaver/xorshift v0.0.0-20170702203709-ce511d4823dd h1:TfmftEfB1zJiDTFi3Qw1xlbEbfJPKUhEDC19clfBMb8=
github.com/lazybeaver/xorshift v0.0.0-20170702203709-ce511d4823dd/go.mod h1:qXyNSomGEqu0M7ewNl3CLgle09PFHk8++5NrBWCz7+Q=
github.com/panjf2000/ants/v2 v2.4.3 h1:wHghL17YKFanB62QjPQ9o+DuM4q7WrQ7zAhoX8+eBXU=
github.com/panjf2000/ants/v2 v2.4.3/go.mod h1:f6F0NZVFsGCp5A7QW/Zj/m92atWwOkY0OIhFxRNFr4A=
github.com/pmezard/go-difflib v1.0.0 h1:4DBwDE0NGyQoBHbLQYPwSUPoCMWR5BEzIk/f1lZbAQM=
github.com/pmezard/go-difflib v1.0.0/go.mod h1:iKH77koFhYxTK1pcRnkKkqfTogsbg7gZNVY4sRDYZ/4=
github.com/stretchr/objx v0.1.0/go.mod h1:HFkY916IF+rwdDfMAkV7OtwuqBVzrE8GR6GFx+wExME=
github.com/stretchr/testify v1.4.0 h1:2E4SXV/wtOkTonXsotYi4li6zVWxYlZuYNCXe9XRJyk=
github.com/stretchr/testify v1.4.0/go.mod h1:j7eGeouHqKxXV5pUuKE4zz7dFj8WfuZ+81PSLYec5m4=
gopkg.in/check.v1 v0.0.0-20161208181325-20d25e280405 h1:yhCVgyC4o1eVCa2tZl7eS0r+SDo693bJlVdllGtEeKM=
gopkg.in/check.v1 v0.0.0-20161208181325-20d25e280405/go.mod h1:Co6ibVJAznAaIkqp8huTwlJQCZ016jof/cbN4VW5Yz0=
gopkg.in/yaml.v2 v2.2.2/go.mod h1:hI93XBmqTisBFMUTm0b8Fm+jr3Dg1NNxqwp+5A1VGuI=
gopkg.in/yaml.v2 v2.2.7 h1:VUgggvou5XRW9mHwD/yXxIYSMtY0zoKQf/v226p2nyo=
gopkg.in/yaml.v2 v2.2.7/go.mod h1:hI93XBmqTisBFMUTm0b8Fm+jr3Dg1NNxqwp+5A1VGuI=
